Microsoft Visual Studio Solution File, Format Version 12.00
# Visual Studio Version 17
VisualStudioVersion = 17.5.2.0
MinimumVisualStudioVersion = 10.0.40219.1
Project("{FAE04EC0-301F-11D3-BF4B-00C04F79EFBC}") = "dotnet-crosscompilation", "dotnet-crosscompilation.csproj", "{370F5D70-1349-DA0E-378B-20CEE5D88EED}"
EndProject
Global
	GlobalSection(SolutionConfigurationPlatforms) = preSolution
		Debug|Any CPU = Debug|Any CPU
		Release|Any CPU = Release|Any CPU
	EndGlobalSection
	GlobalSection(ProjectConfigurationPlatforms) = postSolution
		{370F5D70-1349-DA0E-378B-20CEE5D88EED}.Debug|Any CPU.ActiveCfg = Debug|Any CPU
		{370F5D70-1349-DA0E-378B-20CEE5D88EED}.Debug|Any CPU.Build.0 = Debug|Any CPU
		{370F5D70-1349-DA0E-378B-20CEE5D88EED}.Release|Any CPU.ActiveCfg = Release|Any CPU
		{370F5D70-1349-DA0E-378B-20CEE5D88EED}.Release|Any CPU.Build.0 = Release|Any CPU
	EndGlobalSection
	GlobalSection(SolutionProperties) = preSolution
		HideSolutionNode = FALSE
	EndGlobalSection
	GlobalSection(ExtensibilityGlobals) = postSolution
		SolutionGuid = {128E1958-AC90-4152-BC1A-93C4201D5054}
	EndGlobalSection
EndGlobal
